
Microsoft Visual Studio Solution File, Format Version 12.00
# Visual Studio Version 17
VisualStudioVersion = 17.0.31903.59
MinimumVisualStudioVersion = 10.0.40219.1
Project("{FAE04EC0-301F-11D3-BF4B-00C04F79EFBC}") = "API", "API\API.csproj", "{D81C7306-88BB-48DD-BE7D-A3CDE3067737}"
EndProject
Project("{FAE04EC0-301F-11D3-BF4B-00C04F79EFBC}") = "Core", "Core\Core.csproj", "{5935141A-2193-4BCF-A713-F8B1E1D07544}"
EndProject
Project("{FAE04EC0-301F-11D3-BF4B-00C04F79EFBC}") = "Infrastructure", "Infrastructure\Infrastructure.csproj", "{C591A240-1F93-4062-A20D-112E23F9D4DA}"
EndProject
Global
	GlobalSection(SolutionConfigurationPlatforms) = preSolution
		Debug|Any CPU = Debug|Any CPU
		Release|Any CPU = Release|Any CPU
	EndGlobalSection
	GlobalSection(SolutionProperties) = preSolution
		HideSolutionNode = FALSE
	EndGlobalSection
	GlobalSection(ProjectConfigurationPlatforms) = postSolution
		{D81C7306-88BB-48DD-BE7D-A3CDE3067737}.Debug|Any CPU.ActiveCfg = Debug|Any CPU
		{D81C7306-88BB-48DD-BE7D-A3CDE3067737}.Debug|Any CPU.Build.0 = Debug|Any CPU
		{D81C7306-88BB-48DD-BE7D-A3CDE3067737}.Release|Any CPU.ActiveCfg = Release|Any CPU
		{D81C7306-88BB-48DD-BE7D-A3CDE3067737}.Release|Any CPU.Build.0 = Release|Any CPU
		{5935141A-2193-4BCF-A713-F8B1E1D07544}.Debug|Any CPU.ActiveCfg = Debug|Any CPU
		{5935141A-2193-4BCF-A713-F8B1E1D07544}.Debug|Any CPU.Build.0 = Debug|Any CPU
		{5935141A-2193-4BCF-A713-F8B1E1D07544}.Release|Any CPU.ActiveCfg = Release|Any CPU
		{5935141A-2193-4BCF-A713-F8B1E1D07544}.Release|Any CPU.Build.0 = Release|Any CPU
		{C591A240-1F93-4062-A20D-112E23F9D4DA}.Debug|Any CPU.ActiveCfg = Debug|Any CPU
		{C591A240-1F93-4062-A20D-112E23F9D4DA}.Debug|Any CPU.Build.0 = Debug|Any CPU
		{C591A240-1F93-4062-A20D-112E23F9D4DA}.Release|Any CPU.ActiveCfg = Release|Any CPU
		{C591A240-1F93-4062-A20D-112E23F9D4DA}.Release|Any CPU.Build.0 = Release|Any CPU
	EndGlobalSection
EndGlobal
